<?xml version="1.0" encoding="utf-8"?>
<Project ToolsVersion="4.0" xmlns="http://schemas.microsoft.com/developer/msbuild/2003">
  <ItemGroup>
    <ClCompile Include="KinectFusionExplorer.cpp">
      <Filter>Kinect Fusion\KinectFusionExplorer</Filter>
    </ClCompile>
    <ClCompile Include="ImageRenderer.cpp">
      <Filter>Kinect Fusion\ImageRenderer</Filter>
    </ClCompile>
    <ClCompile Include="KinectFusionHelper.cpp">
      <Filter>Kinect Fusion\KinectFusionHelper</Filter>
    </ClCompile>
    <ClCompile Include="KinectFusionProcessor.cpp">
      <Filter>Kinect Fusion\KinectFusionProcessor</Filter>
    </ClCompile>
    <ClCompile Include="KinectFusionProcessorFrame.cpp">
      <Filter>Kinect Fusion\KinectFusionProcessor</Filter>
    </ClCompile>
    <ClCompile Include="Timer.cpp">
      <Filter>Kinect Fusion\Utils</Filter>
    </ClCompile>
    <ClCompile Include="tinyxml2.cpp">
      <Filter>Kinect Fusion\Utils</Filter>
    </ClCompile>
    <ClCompile Include="XML.cpp">
      <Filter>Kinect Fusion\Utils</Filter>
    </ClCompile>
  </ItemGroup>
  <ItemGroup>
    <ClInclude Include="KinectFusionParams.h">
      <Filter>Kinect Fusion</Filter>
    </ClInclude>
    <ClInclude Include="KinectFusionExplorer.h">
      <Filter>Kinect Fusion\KinectFusionExplorer</Filter>
    </ClInclude>
    <ClInclude Include="ImageRenderer.h">
      <Filter>Kinect Fusion\ImageRenderer</Filter>
    </ClInclude>
    <ClInclude Include="KinectFusionHelper.h">
      <Filter>Kinect Fusion\KinectFusionHelper</Filter>
    </ClInclude>
    <ClInclude Include="KinectFusionProcessor.h">
      <Filter>Kinect Fusion\KinectFusionProcessor</Filter>
    </ClInclude>
    <ClInclude Include="KinectFusionProcessorFrame.h">
      <Filter>Kinect Fusion\KinectFusionProcessor</Filter>
    </ClInclude>
    <ClInclude Include="Resource.h">
      <Filter>Kinect Fusion\KinectFusionExplorer</Filter>
    </ClInclude>
    <ClInclude Include="NuiSensorChooserUIResource.h">
      <Filter>Kinect Fusion\KinectFusionExplorer</Filter>
    </ClInclude>
    <ClInclude Include="Timer.h">
      <Filter>Kinect Fusion\Utils</Filter>
    </ClInclude>
    <ClInclude Include="stdafx.h">
      <Filter>Kinect Fusion\Utils</Filter>
    </ClInclude>
    <ClInclude Include="KinectFusionExternals.h">
      <Filter>Kinect Fusion\KinectFusionExplorer</Filter>
    </ClInclude>
    <ClInclude Include="tinyxml2.h">
      <Filter>Kinect Fusion\Utils</Filter>
    </ClInclude>
    <ClInclude Include="XML.h">
      <Filter>Kinect Fusion\Utils</Filter>
    </ClInclude>
    <ClInclude Include="Standardizer.h">
      <Filter>Kinect Fusion\Utils</Filter>
    </ClInclude>
  </ItemGroup>
  <ItemGroup>
    <None Include="..\NuiSensorChooser\Images\Allset.bmp">
      <Filter>External Images</Filter>
    </None>
    <None Include="..\NuiSensorChooser\Images\AllsetBig.bmp">
      <Filter>External Images</Filter>
    </None>
    <None Include="..\NuiSensorChooser\Images\Error.bmp">
      <Filter>External Images</Filter>
    </None>
    <None Include="..\NuiSensorChooser\Images\ErrorBig.bmp">
      <Filter>External Images</Filter>
    </None>
    <None Include="..\NuiSensorChooser\Images\Listening.bmp">
      <Filter>External Images</Filter>
    </None>
    <None Include="..\NuiSensorChooser\Images\Initializing.bmp">
      <Filter>External Images</Filter>
    </None>
    <None Include="..\NuiSensorChooser\Images\InitializingBig.bmp">
      <Filter>External Images</Filter>
    </None>
    <None Include="..\NuiSensorChooser\Images\ListeningBig.bmp">
      <Filter>External Images</Filter>
    </None>
    <None Include="..\NuiSensorChooser\Images\NoAvailableSensor.bmp">
      <Filter>External Images</Filter>
    </None>
    <None Include="..\NuiSensorChooser\Images\NoAvailableSensorBig.bmp">
      <Filter>External Images</Filter>
    </None>
    <None Include="..\NuiSensorChooser\Images\Refresh.bmp">
      <Filter>External Images</Filter>
    </None>
    <None Include="..\NuiSensorChooser\Images\RefreshClick.bmp">
      <Filter>External Images</Filter>
    </None>
    <None Include="..\NuiSensorChooser\Images\RefreshOver.bmp">
      <Filter>External Images</Filter>
    </None>
    <None Include="app.ico">
      <Filter>Kinect Fusion\KinectFusionExplorer</Filter>
    </None>
  </ItemGroup>
  <ItemGroup>
    <Filter Include="External Images">
      <UniqueIdentifier>{697541a1-dc73-475f-87f9-7062382ec036}</UniqueIdentifier>
    </Filter>
    <Filter Include="Kinect Fusion">
      <UniqueIdentifier>{1dba1001-c528-41ba-961e-fdd40bbfad4f}</UniqueIdentifier>
    </Filter>
    <Filter Include="Kinect Fusion\BMPs">
      <UniqueIdentifier>{5a67c2be-783f-4257-9f74-8ded52bc99a4}</UniqueIdentifier>
    </Filter>
    <Filter Include="Kinect Fusion\KinectFusionExplorer">
      <UniqueIdentifier>{f3790f8f-b2ac-47cb-8960-6ad5ed7f7508}</UniqueIdentifier>
    </Filter>
    <Filter Include="Kinect Fusion\ImageRenderer">
      <UniqueIdentifier>{0a8f7207-8fbf-4080-9e04-42a49685ef1a}</UniqueIdentifier>
    </Filter>
    <Filter Include="Kinect Fusion\Utils">
      <UniqueIdentifier>{c5381efb-09fa-4080-a9a2-91c4da054b90}</UniqueIdentifier>
    </Filter>
    <Filter Include="Kinect Fusion\KinectFusionProcessor">
      <UniqueIdentifier>{54f638dc-2b27-44ff-85f1-f044f78d9c4a}</UniqueIdentifier>
    </Filter>
    <Filter Include="Kinect Fusion\KinectFusionHelper">
      <UniqueIdentifier>{3e0fcaf8-d99b-4322-946e-148c4eab1cce}</UniqueIdentifier>
    </Filter>
  </ItemGroup>
  <ItemGroup>
    <Image Include="Images\Listening.bmp">
      <Filter>Kinect Fusion\BMPs</Filter>
    </Image>
    <Image Include="Images\ListeningBig.bmp">
      <Filter>Kinect Fusion\BMPs</Filter>
    </Image>
    <Image Include="Images\NoAvailableSensor.bmp">
      <Filter>Kinect Fusion\BMPs</Filter>
    </Image>
    <Image Include="Images\NoAvailableSensorBig.bmp">
      <Filter>Kinect Fusion\BMPs</Filter>
    </Image>
    <Image Include="Images\AllsetBig.bmp">
      <Filter>Kinect Fusion\BMPs</Filter>
    </Image>
    <Image Include="Images\Allset.bmp">
      <Filter>Kinect Fusion\BMPs</Filter>
    </Image>
    <Image Include="Images\Refresh.bmp">
      <Filter>Kinect Fusion\BMPs</Filter>
    </Image>
    <Image Include="Images\RefreshClick.bmp">
      <Filter>Kinect Fusion\BMPs</Filter>
    </Image>
    <Image Include="Images\RefreshOver.bmp">
      <Filter>Kinect Fusion\BMPs</Filter>
    </Image>
    <Image Include="Images\InitializingBig.bmp">
      <Filter>Kinect Fusion\BMPs</Filter>
    </Image>
    <Image Include="Images\Initializing.bmp">
      <Filter>Kinect Fusion\BMPs</Filter>
    </Image>
    <Image Include="Images\Error.bmp">
      <Filter>Kinect Fusion\BMPs</Filter>
    </Image>
    <Image Include="Images\ErrorBig.bmp">
      <Filter>Kinect Fusion\BMPs</Filter>
    </Image>
  </ItemGroup>
  <ItemGroup>
    <ResourceCompile Include="KinectFusionExplorer-D2D.rc">
      <Filter>Kinect Fusion\KinectFusionExplorer</Filter>
    </ResourceCompile>
  </ItemGroup>
</Project>