<?xml version="1.0" encoding="utf-8"?>
<Project ToolsVersion="4.0" xmlns="http://schemas.microsoft.com/developer/msbuild/2003">
  <ItemGroup>
    <Filter Include="Fichiers sources">
      <UniqueIdentifier>{4FC737F1-C7A5-4376-A066-2A32D752A2FF}</UniqueIdentifier>
      <Extensions>cpp;c;cc;cxx;def;odl;idl;hpj;bat;asm;asmx</Extensions>
    </Filter>
    <Filter Include="Fichiers d%27en-tête">
      <UniqueIdentifier>{93995380-89BD-4b04-88EB-625FBE52EBFB}</UniqueIdentifier>
      <Extensions>h;hh;hpp;hxx;hm;inl;inc;xsd</Extensions>
    </Filter>
    <Filter Include="Fichiers de ressources">
      <UniqueIdentifier>{67DA6AB6-F800-4c08-8B7A-83BB121AAD01}</UniqueIdentifier>
      <Extensions>rc;ico;cur;bmp;dlg;rc2;rct;bin;rgs;gif;jpg;jpeg;jpe;resx;tiff;tif;png;wav;mfcribbon-ms</Extensions>
    </Filter>
    <Filter Include="Fichiers sources\Processor">
      <UniqueIdentifier>{d55fbbe1-2d9b-40c9-855a-21191cb3df8e}</UniqueIdentifier>
    </Filter>
    <Filter Include="Fichiers sources\Processor\Core">
      <UniqueIdentifier>{a747fc7c-c5e4-4c17-81b9-b4552136e3f8}</UniqueIdentifier>
    </Filter>
    <Filter Include="Fichiers sources\IO">
      <UniqueIdentifier>{1376bc0b-7bb5-409c-b144-0d34ee4d0ca9}</UniqueIdentifier>
    </Filter>
  </ItemGroup>
  <ItemGroup>
    <ClInclude Include="stdafx.h">
      <Filter>Fichiers d%27en-tête</Filter>
    </ClInclude>
    <ClInclude Include="targetver.h">
      <Filter>Fichiers d%27en-tête</Filter>
    </ClInclude>
  </ItemGroup>
  <ItemGroup>
    <ClCompile Include="stdafx.cpp">
      <Filter>Fichiers sources</Filter>
    </ClCompile>
    <ClCompile Include="ProcessorTest.cpp">
      <Filter>Fichiers sources\Processor</Filter>
    </ClCompile>
    <ClCompile Include="CoreTest.cpp">
      <Filter>Fichiers sources\Processor\Core</Filter>
    </ClCompile>
    <ClCompile Include="IOPLYTest.cpp">
      <Filter>Fichiers sources\IO</Filter>
    </ClCompile>
    <ClCompile Include="IOUtilsTest.cpp">
      <Filter>Fichiers sources\IO</Filter>
    </ClCompile>
  </ItemGroup>
</Project>